
Microsoft Visual Studio Solution File, Format Version 12.00
# Visual Studio Version 17
VisualStudioVersion = 17.10.35004.147
MinimumVisualStudioVersion = 10.0.40219.1
Project("{9A19103F-16F7-4668-BE54-9A1E7A4F7556}") = "Laba_2", "Laba_2\Laba_2.csproj", "{72E5EBB3-E184-43B5-B432-607C9FA2FDDC}"
EndProject
Project("{FAE04EC0-301F-11D3-BF4B-00C04F79EFBC}") = "Tests", "Tests\Tests.csproj", "{9F56FD9F-2386-4BB1-B9E9-46E050AE300D}"
EndProject
Global
	GlobalSection(SolutionConfigurationPlatforms) = preSolution
		Debug|Any CPU = Debug|Any CPU
		Release|Any CPU = Release|Any CPU
	EndGlobalSection
	GlobalSection(ProjectConfigurationPlatforms) = postSolution
		{72E5EBB3-E184-43B5-B432-607C9FA2FDDC}.Debug|Any CPU.ActiveCfg = Debug|Any CPU
		{72E5EBB3-E184-43B5-B432-607C9FA2FDDC}.Debug|Any CPU.Build.0 = Debug|Any CPU
		{72E5EBB3-E184-43B5-B432-607C9FA2FDDC}.Release|Any CPU.ActiveCfg = Release|Any CPU
		{72E5EBB3-E184-43B5-B432-607C9FA2FDDC}.Release|Any CPU.Build.0 = Release|Any CPU
		{9F56FD9F-2386-4BB1-B9E9-46E050AE300D}.Debug|Any CPU.ActiveCfg = Debug|Any CPU
		{9F56FD9F-2386-4BB1-B9E9-46E050AE300D}.Debug|Any CPU.Build.0 = Debug|Any CPU
		{9F56FD9F-2386-4BB1-B9E9-46E050AE300D}.Release|Any CPU.ActiveCfg = Release|Any CPU
		{9F56FD9F-2386-4BB1-B9E9-46E050AE300D}.Release|Any CPU.Build.0 = Release|Any CPU
	EndGlobalSection
	GlobalSection(SolutionProperties) = preSolution
		HideSolutionNode = FALSE
	EndGlobalSection
	GlobalSection(ExtensibilityGlobals) = postSolution
		SolutionGuid = {DA4C65B6-4562-4FFA-ACB4-61A4F3DA733C}
	EndGlobalSection
EndGlobal
